
Microsoft Visual Studio Solution File, Format Version 12.00
# Visual Studio Version 17
VisualStudioVersion = 17.5.002.0
MinimumVisualStudioVersion = 10.0.40219.1
Project("{2150E333-8FDC-42A3-9474-1A3956D46DE8}") = "seminars", "seminars", "{E6453D01-C073-4451-9D1B-AAD2EDF87F46}"
EndProject
Project("{2150E333-8FDC-42A3-9474-1A3956D46DE8}") = "sem1", "sem1", "{2D22B479-B58C-4ADA-80F0-55588B4A8B46}"
EndProject
Project("{9A19103F-16F7-4668-BE54-9A1E7A4F7556}") = "task_001", "seminars\sem1\task_001\task_001.csproj", "{A3CEB7CD-D892-4405-9A70-F5A20DA55B7E}"
EndProject
Global
	GlobalSection(SolutionConfigurationPlatforms) = preSolution
		Debug|Any CPU = Debug|Any CPU
		Release|Any CPU = Release|Any CPU
	EndGlobalSection
	GlobalSection(ProjectConfigurationPlatforms) = postSolution
		{A3CEB7CD-D892-4405-9A70-F5A20DA55B7E}.Debug|Any CPU.ActiveCfg = Debug|Any CPU
		{A3CEB7CD-D892-4405-9A70-F5A20DA55B7E}.Debug|Any CPU.Build.0 = Debug|Any CPU
		{A3CEB7CD-D892-4405-9A70-F5A20DA55B7E}.Release|Any CPU.ActiveCfg = Release|Any CPU
		{A3CEB7CD-D892-4405-9A70-F5A20DA55B7E}.Release|Any CPU.Build.0 = Release|Any CPU
	EndGlobalSection
	GlobalSection(SolutionProperties) = preSolution
		HideSolutionNode = FALSE
	EndGlobalSection
	GlobalSection(NestedProjects) = preSolution
		{2D22B479-B58C-4ADA-80F0-55588B4A8B46} = {E6453D01-C073-4451-9D1B-AAD2EDF87F46}
		{A3CEB7CD-D892-4405-9A70-F5A20DA55B7E} = {2D22B479-B58C-4ADA-80F0-55588B4A8B46}
	EndGlobalSection
	GlobalSection(ExtensibilityGlobals) = postSolution
		SolutionGuid = {FD6CDCA4-E3C4-4997-AA2D-CA3FCAFA31C6}
	EndGlobalSection
EndGlobal
